// !$*UTF8*$!
{
	archiveVersion = 1;
	classes = {
	};
	objectVersion = 46;
	objects = {

/* Begin PBXBuildFile section */
		849F56EB1D33A8150033FC4C /* AppDelegate.swift in Sources */ = {isa = PBXBuildFile; fileRef = 849F56EA1D33A8150033FC4C /* AppDelegate.swift */; };
		849F56ED1D33A8150033FC4C /* ViewController.swift in Sources */ = {isa = PBXBuildFile; fileRef = 849F56EC1D33A8150033FC4C /* ViewController.swift */; };
		849F56F01D33A8150033FC4C /* Main.storyboard in Resources */ = {isa = PBXBuildFile; fileRef = 849F56EE1D33A8150033FC4C /* Main.storyboard */; };
		849F56F21D33A8150033FC4C /* Assets.xcassets in Resources */ = {isa = PBXBuildFile; fileRef = 849F56F11D33A8150033FC4C /* Assets.xcassets */; };
		849F56F51D33A8150033FC4C /* LaunchScreen.storyboard in Resources */ = {isa = PBXBuildFile; fileRef = 849F56F31D33A8150033FC4C /* LaunchScreen.storyboard */; };
		849F56FE1D33A83A0033FC4C /* YHSlider.swift in Sources */ = {isa = PBXBuildFile; fileRef = 849F56FD1D33A83A0033FC4C /* YHSlider.swift */; };
/* End PBXBuildFile section */

/* Begin PBXFileReference section */
		849F56E71D33A8150033FC4C /* YHSlider.app */ = {isa = PBXFileReference; explicitFileType = wrapper.application; includeInIndex = 0; path = YHSlider.app; sourceTree = BUILT_PRODUCTS_DIR; };
		849F56EA1D33A8150033FC4C /* AppDelegate.swift */ = {isa = PBXFileReference; lastKnownFileType = sourcecode.swift; path = AppDelegate.swift; sourceTree = "<group>"; };
		849F56EC1D33A8150033FC4C /* ViewController.swift */ = {isa = PBXFileReference; lastKnownFileType = sourcecode.swift; path = ViewController.swift; sourceTree = "<group>"; };
		849F56EF1D33A8150033FC4C /* Base */ = {isa = PBXFileReference; lastKnownFileType = file.storyboard; name = Base; path = Base.lproj/Main.storyboard; sourceTree = "<group>"; };
		849F56F11D33A8150033FC4C /* Assets.xcassets */ = {isa = PBXFileReference; lastKnownFileType = folder.assetcatalog; path = Assets.xcassets; sourceTree = "<group>"; };
		849F56F41D33A8150033FC4C /* Base */ = {isa = PBXFileReference; lastKnownFileType = file.storyboard; name = Base; path = Base.lproj/LaunchScreen.storyboard; sourceTree = "<group>"; };
		849F56F61D33A8150033FC4C /* Info.plist */ = {isa = PBXFileReference; lastKnownFileType = text.plist.xml; path = Info.plist; sourceTree = "<group>"; };
		849F56FD1D33A83A0033FC4C /* YHSlider.swift */ = {isa = PBXFileReference; fileEncoding = 4; lastKnownFileType = sourcecode.swift; path = YHSlider.swift; sourceTree = "<group>"; };
/* End PBXFileReference section */

/* Begin PBXFrameworksBuildPhase section */
		849F56E41D33A8150033FC4C /* Frameworks */ = {
			isa = PBXFrameworksBuildPhase;
			buildActionMask = 2147483647;
			files = (
			);
			runOnlyForDeploymentPostprocessing = 0;
		};
/* End PBXFrameworksBuildPhase section */

/* Begin PBXGroup section */
		849F56DE1D33A8150033FC4C = {
			isa = PBXGroup;
			children = (
				849F56E91D33A8150033FC4C /* YHSlider */,
				849F56E81D33A8150033FC4C /* Products */,
			);
			sourceTree = "<group>";
		};
		849F56E81D33A8150033FC4C /* Products */ = {
			isa = PBXGroup;
			children = (
				849F56E71D33A8150033FC4C /* YHSlider.app */,
			);
			name = Products;
			sourceTree = "<group>";
		};
		849F56E91D33A8150033FC4C /* YHSlider */ = {
			isa = PBXGroup;
			children = (
				849F56FC1D33A82C0033FC4C /* YHSlider */,
				849F56EA1D33A8150033FC4C /* AppDelegate.swift */,
				849F56EC1D33A8150033FC4C /* ViewController.swift */,
				849F56EE1D33A8150033FC4C /* Main.storyboard */,
				849F56F11D33A8150033FC4C /* Assets.xcassets */,
				849F56F31D33A8150033FC4C /* LaunchScreen.storyboard */,
				849F56F61D33A8150033FC4C /* Info.plist */,
			);
			path = YHSlider;
			sourceTree = "<group>";
		};
		849F56FC1D33A82C0033FC4C /* YHSlider */ = {
			isa = PBXGroup;
			children = (
				849F56FD1D33A83A0033FC4C /* YHSlider.swift */,
			);
			path = YHSlider;
			sourceTree = "<group>";
		};
/* End PBXGroup section */

/* Begin PBXNativeTarget section */
		849F56E61D33A8150033FC4C /* YHSlider */ = {
			isa = PBXNativeTarget;
			buildConfigurationList = 849F56F91D33A8150033FC4C /* Build configuration list for PBXNativeTarget "YHSlider" */;
			buildPhases = (
				849F56E31D33A8150033FC4C /* Sources */,
				849F56E41D33A8150033FC4C /* Frameworks */,
				849F56E51D33A8150033FC4C /* Resources */,
			);
			buildRules = (
			);
			dependencies = (
			);
			name = YHSlider;
			productName = YHSlider;
			productReference = 849F56E71D33A8150033FC4C /* YHSlider.app */;
			productType = "com.apple.product-type.application";
		};
/* End PBXNativeTarget section */

/* Begin PBXProject section */
		849F56DF1D33A8150033FC4C /* Project object */ = {
			isa = PBXProject;
			attributes = {
				LastSwiftUpdateCheck = 0730;
				LastUpgradeCheck = 0730;
				ORGANIZATIONNAME = Theshy;
				TargetAttributes = {
					849F56E61D33A8150033FC4C = {
						CreatedOnToolsVersion = 7.3.1;
					};
				};
			};
			buildConfigurationList = 849F56E21D33A8150033FC4C /* Build configuration list for PBXProject "YHSlider" */;
			compatibilityVersion = "Xcode 3.2";
			developmentRegion = English;
			hasScannedForEncodings = 0;
			knownRegions = (
				en,
				Base,
			);
			mainGroup = 849F56DE1D33A8150033FC4C;
			productRefGroup = 849F56E81D33A8150033FC4C /* Products */;
			projectDirPath = "";
			projectRoot = "";
			targets = (
				849F56E61D33A8150033FC4C /* YHSlider */,
			);
		};
/* End PBXProject section */

/* Begin PBXResourcesBuildPhase section */
		849F56E51D33A8150033FC4C /* Resources */ = {
			isa = PBXResourcesBuildPhase;
			buildActionMask = 2147483647;
			files = (
				849F56F51D33A8150033FC4C /* LaunchScreen.storyboard in Resources */,
				849F56F21D33A8150033FC4C /* Assets.xcassets in Resources */,
				849F56F01D33A8150033FC4C /* Main.storyboard in Resources */,
			);
			runOnlyForDeploymentPostprocessing = 0;
		};
/* End PBXResourcesBuildPhase section */

/* Begin PBXSourcesBuildPhase section */
		849F56E31D33A8150033FC4C /* Sources */ = {
			isa = PBXSourcesBuildPhase;
			buildActionMask = 2147483647;
			files = (
				849F56ED1D33A8150033FC4C /* ViewController.swift in Sources */,
				849F56EB1D33A8150033FC4C /* AppDelegate.swift in Sources */,
				849F56FE1D33A83A0033FC4C /* YHSlider.swift in Sources */,
			);
			runOnlyForDeploymentPostprocessing = 0;
		};
/* End PBXSourcesBuildPhase section */

/* Begin PBXVariantGroup section */
		849F56EE1D33A8150033FC4C /* Main.storyboard */ = {
			isa = PBXVariantGroup;
			children = (
				849F56EF1D33A8150033FC4C /* Base */,
			);
			name = Main.storyboard;
			sourceTree = "<group>";
		};
		849F56F31D33A8150033FC4C /* LaunchScreen.storyboard */ = {
			isa = PBXVariantGroup;
			children = (
				849F56F41D33A8150033FC4C /* Base */,
			);
			name = LaunchScreen.storyboard;
			sourceTree = "<group>";
		};
/* End PBXVariantGroup section */

/* Begin XCBuildConfiguration section */
		849F56F71D33A8150033FC4C /* Debug */ = {
			isa = XCBuildConfiguration;
			buildSettings = {
				ALWAYS_SEARCH_USER_PATHS = NO;
				CLANG_ANALYZER_NONNULL = YES;
				CLANG_CXX_LANGUAGE_STANDARD = "gnu++0x";
				CLANG_CXX_LIBRARY = "libc++";
				CLANG_ENABLE_MODULES = YES;
				CLANG_ENABLE_OBJC_ARC = YES;
				CLANG_WARN_BOOL_CONVERSION = YES;
				CLANG_WARN_CONSTANT_CONVERSION = YES;
				CLANG_WARN_DIRECT_OBJC_ISA_USAGE = YES_ERROR;
				CLANG_WARN_EMPTY_BODY = YES;
				CLANG_WARN_ENUM_CONVERSION = YES;
				CLANG_WARN_INT_CONVERSION = YES;
				CLANG_WARN_OBJC_ROOT_CLASS = YES_ERROR;
				CLANG_WARN_UNREACHABLE_CODE = YES;
				CLANG_WARN__DUPLICATE_METHOD_MATCH = YES;
				"CODE_SIGN_IDENTITY[sdk=iphoneos*]" = "iPhone Developer";
				COPY_PHASE_STRIP = NO;
				DEBUG_INFORMATION_FORMAT = dwarf;
				ENABLE_STRICT_OBJC_MSGSEND = YES;
				ENABLE_TESTABILITY = YES;
				GCC_C_LANGUAGE_STANDARD = gnu99;
				GCC_DYNAMIC_NO_PIC = NO;
				GCC_NO_COMMON_BLOCKS = YES;
				GCC_OPTIMIZATION_LEVEL = 0;
				GCC_PREPROCESSOR_DEFINITIONS = (
					"DEBUG=1",
					"$(inherited)",
				);
				GCC_WARN_64_TO_32_BIT_CONVERSION = YES;
				GCC_WARN_ABOUT_RETURN_TYPE = YES_ERROR;
				GCC_WARN_UNDECLARED_SELECTOR = YES;
				GCC_WARN_UNINITIALIZED_AUTOS = YES_AGGRESSIVE;
				GCC_WARN_UNUSED_FUNCTION = YES;
				GCC_WARN_UNUSED_VARIABLE = YES;
				IPHONEOS_DEPLOYMENT_TARGET = 9.3;
				MTL_ENABLE_DEBUG_INFO = YES;
				ONLY_ACTIVE_ARCH = YES;
				SDKROOT = iphoneos;
				SWIFT_OPTIMIZATION_LEVEL = "-Onone";
			};
			name = Debug;
		};
		849F56F81D33A8150033FC4C /* Release */ = {
			isa = XCBuildConfiguration;
			buildSettings = {
				ALWAYS_SEARCH_USER_PATHS = NO;
				CLANG_ANALYZER_NONNULL = YES;
				CLANG_CXX_LANGUAGE_STANDARD = "gnu++0x";
				CLANG_CXX_LIBRARY = "libc++";
				CLANG_ENABLE_MODULES = YES;
				CLANG_ENABLE_OBJC_ARC = YES;
				CLANG_WARN_BOOL_CONVERSION = YES;
				CLANG_WARN_CONSTANT_CONVERSION = YES;
				CLANG_WARN_DIRECT_OBJC_ISA_USAGE = YES_ERROR;
				CLANG_WARN_EMPTY_BODY = YES;
				CLANG_WARN_ENUM_CONVERSION = YES;
				CLANG_WARN_INT_CONVERSION = YES;
				CLANG_WARN_OBJC_ROOT_CLASS = YES_ERROR;
				CLANG_WARN_UNREACHABLE_CODE = YES;
				CLANG_WARN__DUPLICATE_METHOD_MATCH = YES;
				"CODE_SIGN_IDENTITY[sdk=iphoneos*]" = "iPhone Developer";
				COPY_PHASE_STRIP = NO;
				DEBUG_INFORMATION_FORMAT = "dwarf-with-dsym";
				ENABLE_NS_ASSERTIONS = NO;
				ENABLE_STRICT_OBJC_MSGSEND = YES;
				GCC_C_LANGUAGE_STANDARD = gnu99;
				GCC_NO_COMMON_BLOCKS = YES;
				GCC_WARN_64_TO_32_BIT_CONVERSION = YES;
				GCC_WARN_ABOUT_RETURN_TYPE = YES_ERROR;
				GCC_WARN_UNDECLARED_SELECTOR = YES;
				GCC_WARN_UNINITIALIZED_AUTOS = YES_AGGRESSIVE;
				GCC_WARN_UNUSED_FUNCTION = YES;
				GCC_WARN_UNUSED_VARIABLE = YES;
				IPHONEOS_DEPLOYMENT_TARGET = 9.3;
				MTL_ENABLE_DEBUG_INFO = NO;
				SDKROOT = iphoneos;
				VALIDATE_PRODUCT = YES;
			};
			name = Release;
		};
		849F56FA1D33A8150033FC4C /* Debug */ = {
			isa = XCBuildConfiguration;
			buildSettings = {
				ASSETCATALOG_COMPILER_APPICON_NAME = AppIcon;
				INFOPLIST_FILE = YHSlider/Info.plist;
				LD_RUNPATH_SEARCH_PATHS = "$(inherited) @executable_path/Frameworks";
				PRODUCT_BUNDLE_IDENTIFIER = com.Theshy.mm.YHSlider;
				PRODUCT_NAME = "$(TARGET_NAME)";
			};
			name = Debug;
		};
		849F56FB1D33A8150033FC4C /* Release */ = {
			isa = XCBuildConfiguration;
			buildSettings = {
				ASSETCATALOG_COMPILER_APPICON_NAME = AppIcon;
				INFOPLIST_FILE = YHSlider/Info.plist;
				LD_RUNPATH_SEARCH_PATHS = "$(inherited) @executable_path/Frameworks";
				PRODUCT_BUNDLE_IDENTIFIER = com.Theshy.mm.YHSlider;
				PRODUCT_NAME = "$(TARGET_NAME)";
			};
			name = Release;
		};
/* End XCBuildConfiguration section */

/* Begin XCConfigurationList section */
		849F56E21D33A8150033FC4C /* Build configuration list for PBXProject "YHSlider" */ = {
			isa = XCConfigurationList;
			buildConfigurations = (
				849F56F71D33A8150033FC4C /* Debug */,
				849F56F81D33A8150033FC4C /* Release */,
			);
			defaultConfigurationIsVisible = 0;
			defaultConfigurationName = Release;
		};
		849F56F91D33A8150033FC4C /* Build configuration list for PBXNativeTarget "YHSlider" */ = {
			isa = XCConfigurationList;
			buildConfigurations = (
				849F56FA1D33A8150033FC4C /* Debug */,
				849F56FB1D33A8150033FC4C /* Release */,
			);
			defaultConfigurationIsVisible = 0;
		};
/* End XCConfigurationList section */
	};
	rootObject = 849F56DF1D33A8150033FC4C /* Project object */;
}
